<Solution>
  <Folder Name="/Tests/">
    <Project Path="IntegrationTests/IntegrationTests.csproj" />
    <Project Path="UnitTests/UnitTests.csproj" />
  </Folder>
  <Project Path="Aplication/Aplication.csproj" />
  <Project Path="Domain/Domain.csproj" />
  <Project Path="Infrastructure/Infrastructure.csproj" />
  <Project Path="Web/Web.csproj" />
</Solution>
